
Microsoft Visual Studio Solution File, Format Version 12.00
# Visual Studio Version 17
VisualStudioVersion = 17.4.33122.133
MinimumVisualStudioVersion = 10.0.40219.1
Project("{FAE04EC0-301F-11D3-BF4B-00C04F79EFBC}") = "Тау-Кита", "Тау-Кита\Тау-Кита.csproj", "{AF5DF8D7-CF15-41AE-8FA3-9FAC1C9BEC55}"
EndProject
Global
	GlobalSection(SolutionConfigurationPlatforms) = preSolution
		Debug|Any CPU = Debug|Any CPU
		Release|Any CPU = Release|Any CPU
	EndGlobalSection
	GlobalSection(ProjectConfigurationPlatforms) = postSolution
		{AF5DF8D7-CF15-41AE-8FA3-9FAC1C9BEC55}.Debug|Any CPU.ActiveCfg = Debug|Any CPU
		{AF5DF8D7-CF15-41AE-8FA3-9FAC1C9BEC55}.Debug|Any CPU.Build.0 = Debug|Any CPU
		{AF5DF8D7-CF15-41AE-8FA3-9FAC1C9BEC55}.Release|Any CPU.ActiveCfg = Release|Any CPU
		{AF5DF8D7-CF15-41AE-8FA3-9FAC1C9BEC55}.Release|Any CPU.Build.0 = Release|Any CPU
	EndGlobalSection
	GlobalSection(SolutionProperties) = preSolution
		HideSolutionNode = FALSE
	EndGlobalSection
	GlobalSection(ExtensibilityGlobals) = postSolution
		SolutionGuid = {EF05CF9B-E9A6-429D-BB09-A22FDF610C84}
	EndGlobalSection
EndGlobal
